// !$*UTF8*$!
{
	archiveVersion = 1;
	classes = {
	};
	objectVersion = 50;
	objects = {

/* Begin PBXBuildFile section */
		B91DE7B124C6DF7C00B6CEB5 /* FollowerListVC.swift in Sources */ = {isa = PBXBuildFile; fileRef = B91DE7B024C6DF7C00B6CEB5 /* FollowerListVC.swift */; };
		B91F3FDD24C0804200F6655B /* SearchVC.swift in Sources */ = {isa = PBXBuildFile; fileRef = B91F3FDC24C0804200F6655B /* SearchVC.swift */; };
		B91F3FDF24C0805200F6655B /* FavouritesVC.swift in Sources */ = {isa = PBXBuildFile; fileRef = B91F3FDE24C0805200F6655B /* FavouritesVC.swift */; };
		B91F400524C083E700F6655B /* LaunchScreen.storyboard in Resources */ = {isa = PBXBuildFile; fileRef = B91F400424C083E700F6655B /* LaunchScreen.storyboard */; };
		B925CB6E24D2B65600CC0C1B /* GFTitleLabel.swift in Sources */ = {isa = PBXBuildFile; fileRef = B925CB6D24D2B65600CC0C1B /* GFTitleLabel.swift */; };
		B925CB7024D2B76B00CC0C1B /* CGBodyLabel.swift in Sources */ = {isa = PBXBuildFile; fileRef = B925CB6F24D2B76B00CC0C1B /* CGBodyLabel.swift */; };
		B925CB7424D2B94500CC0C1B /* GFAlertVC.swift in Sources */ = {isa = PBXBuildFile; fileRef = B925CB7324D2B94500CC0C1B /* GFAlertVC.swift */; };
		B925CB7624D2D49F00CC0C1B /* UIViewController+Ext.swift in Sources */ = {isa = PBXBuildFile; fileRef = B925CB7524D2D49F00CC0C1B /* UIViewController+Ext.swift */; };
		B9380B0224C2F8EB0010D26F /* GFButton.swift in Sources */ = {isa = PBXBuildFile; fileRef = B9380B0124C2F8EB0010D26F /* GFButton.swift */; };
		B9380B0424C2FBE70010D26F /* GFTextField.swift in Sources */ = {isa = PBXBuildFile; fileRef = B9380B0324C2FBE70010D26F /* GFTextField.swift */; };
		B97EEB7224D3FA1100634F88 /* User.swift in Sources */ = {isa = PBXBuildFile; fileRef = B97EEB7124D3FA1100634F88 /* User.swift */; };
		B97EEB7424D3FB2E00634F88 /* Follower.swift in Sources */ = {isa = PBXBuildFile; fileRef = B97EEB7324D3FB2E00634F88 /* Follower.swift */; };
		B97EEB7724D556AD00634F88 /* NetworkManager.swift in Sources */ = {isa = PBXBuildFile; fileRef = B97EEB7624D556AD00634F88 /* NetworkManager.swift */; };
		B9A8069224D6A5310041BEB3 /* GFError.swift in Sources */ = {isa = PBXBuildFile; fileRef = B9A8069124D6A5310041BEB3 /* GFError.swift */; };
		B9A8069424D807420041BEB3 /* GFAvatarImageView.swift in Sources */ = {isa = PBXBuildFile; fileRef = B9A8069324D807420041BEB3 /* GFAvatarImageView.swift */; };
		B9A8069724D808000041BEB3 /* FollowerCell.swift in Sources */ = {isa = PBXBuildFile; fileRef = B9A8069624D808000041BEB3 /* FollowerCell.swift */; };
		B9D2997924C06CDD00F30B67 /* AppDelegate.swift in Sources */ = {isa = PBXBuildFile; fileRef = B9D2997824C06CDD00F30B67 /* AppDelegate.swift */; };
		B9D2997B24C06CDD00F30B67 /* SceneDelegate.swift in Sources */ = {isa = PBXBuildFile; fileRef = B9D2997A24C06CDD00F30B67 /* SceneDelegate.swift */; };
		B9D2998224C06CDF00F30B67 /* Assets.xcassets in Resources */ = {isa = PBXBuildFile; fileRef = B9D2998124C06CDF00F30B67 /* Assets.xcassets */; };
/* End PBXBuildFile section */

/* Begin PBXFileReference section */
		B91DE7B024C6DF7C00B6CEB5 /* FollowerListVC.swift */ = {isa = PBXFileReference; lastKnownFileType = sourcecode.swift; path = FollowerListVC.swift; sourceTree = "<group>"; };
		B91F3FDC24C0804200F6655B /* SearchVC.swift */ = {isa = PBXFileReference; lastKnownFileType = sourcecode.swift; path = SearchVC.swift; sourceTree = "<group>"; };
		B91F3FDE24C0805200F6655B /* FavouritesVC.swift */ = {isa = PBXFileReference; lastKnownFileType = sourcecode.swift; path = FavouritesVC.swift; sourceTree = "<group>"; };
		B91F400424C083E700F6655B /* LaunchScreen.storyboard */ = {isa = PBXFileReference; fileEncoding = 4; lastKnownFileType = file.storyboard; path = LaunchScreen.storyboard; sourceTree = "<group>"; };
		B925CB6D24D2B65600CC0C1B /* GFTitleLabel.swift */ = {isa = PBXFileReference; lastKnownFileType = sourcecode.swift; path = GFTitleLabel.swift; sourceTree = "<group>"; };
		B925CB6F24D2B76B00CC0C1B /* CGBodyLabel.swift */ = {isa = PBXFileReference; lastKnownFileType = sourcecode.swift; path = CGBodyLabel.swift; sourceTree = "<group>"; };
		B925CB7324D2B94500CC0C1B /* GFAlertVC.swift */ = {isa = PBXFileReference; lastKnownFileType = sourcecode.swift; path = GFAlertVC.swift; sourceTree = "<group>"; };
		B925CB7524D2D49F00CC0C1B /* UIViewController+Ext.swift */ = {isa = PBXFileReference; lastKnownFileType = sourcecode.swift; path = "UIViewController+Ext.swift"; sourceTree = "<group>"; };
		B9380B0124C2F8EB0010D26F /* GFButton.swift */ = {isa = PBXFileReference; lastKnownFileType = sourcecode.swift; path = GFButton.swift; sourceTree = "<group>"; };
		B9380B0324C2FBE70010D26F /* GFTextField.swift */ = {isa = PBXFileReference; lastKnownFileType = sourcecode.swift; path = GFTextField.swift; sourceTree = "<group>"; };
		B97EEB7124D3FA1100634F88 /* User.swift */ = {isa = PBXFileReference; lastKnownFileType = sourcecode.swift; path = User.swift; sourceTree = "<group>"; };
		B97EEB7324D3FB2E00634F88 /* Follower.swift */ = {isa = PBXFileReference; lastKnownFileType = sourcecode.swift; path = Follower.swift; sourceTree = "<group>"; };
		B97EEB7624D556AD00634F88 /* NetworkManager.swift */ = {isa = PBXFileReference; lastKnownFileType = sourcecode.swift; path = NetworkManager.swift; sourceTree = "<group>"; };
		B9A8069124D6A5310041BEB3 /* GFError.swift */ = {isa = PBXFileReference; lastKnownFileType = sourcecode.swift; path = GFError.swift; sourceTree = "<group>"; };
		B9A8069324D807420041BEB3 /* GFAvatarImageView.swift */ = {isa = PBXFileReference; lastKnownFileType = sourcecode.swift; path = GFAvatarImageView.swift; sourceTree = "<group>"; };
		B9A8069624D808000041BEB3 /* FollowerCell.swift */ = {isa = PBXFileReference; lastKnownFileType = sourcecode.swift; path = FollowerCell.swift; sourceTree = "<group>"; };
		B9D2997524C06CDD00F30B67 /* GitHubFinder.app */ = {isa = PBXFileReference; explicitFileType = wrapper.application; includeInIndex = 0; path = GitHubFinder.app; sourceTree = BUILT_PRODUCTS_DIR; };
		B9D2997824C06CDD00F30B67 /* AppDelegate.swift */ = {isa = PBXFileReference; lastKnownFileType = sourcecode.swift; path = AppDelegate.swift; sourceTree = "<group>"; };
		B9D2997A24C06CDD00F30B67 /* SceneDelegate.swift */ = {isa = PBXFileReference; lastKnownFileType = sourcecode.swift; path = SceneDelegate.swift; sourceTree = "<group>"; };
		B9D2998124C06CDF00F30B67 /* Assets.xcassets */ = {isa = PBXFileReference; lastKnownFileType = folder.assetcatalog; path = Assets.xcassets; sourceTree = "<group>"; };
		B9D2998624C06CDF00F30B67 /* Info.plist */ = {isa = PBXFileReference; lastKnownFileType = text.plist.xml; path = Info.plist; sourceTree = "<group>"; };
/* End PBXFileReference section */

/* Begin PBXFrameworksBuildPhase section */
		B9D2997224C06CDD00F30B67 /* Frameworks */ = {
			isa = PBXFrameworksBuildPhase;
			buildActionMask = 2147483647;
			files = (
			);
			runOnlyForDeploymentPostprocessing = 0;
		};
/* End PBXFrameworksBuildPhase section */

/* Begin PBXGroup section */
		B97EEB6A24D3F3C400634F88 /* Screens */ = {
			isa = PBXGroup;
			children = (
				B91DE7B024C6DF7C00B6CEB5 /* FollowerListVC.swift */,
				B91F3FDE24C0805200F6655B /* FavouritesVC.swift */,
				B91F3FDC24C0804200F6655B /* SearchVC.swift */,
			);
			path = Screens;
			sourceTree = "<group>";
		};
		B97EEB6B24D3F3DA00634F88 /* Views */ = {
			isa = PBXGroup;
			children = (
				B9A8069524D807CE0041BEB3 /* Cells */,
				B9380B0324C2FBE70010D26F /* GFTextField.swift */,
				B925CB6D24D2B65600CC0C1B /* GFTitleLabel.swift */,
				B925CB6F24D2B76B00CC0C1B /* CGBodyLabel.swift */,
				B9380B0124C2F8EB0010D26F /* GFButton.swift */,
				B925CB7324D2B94500CC0C1B /* GFAlertVC.swift */,
				B9A8069324D807420041BEB3 /* GFAvatarImageView.swift */,
			);
			path = Views;
			sourceTree = "<group>";
		};
		B97EEB6C24D3F41200634F88 /* Support */ = {
			isa = PBXGroup;
			children = (
				B91F400424C083E700F6655B /* LaunchScreen.storyboard */,
				B9D2997824C06CDD00F30B67 /* AppDelegate.swift */,
				B9D2997A24C06CDD00F30B67 /* SceneDelegate.swift */,
				B9D2998124C06CDF00F30B67 /* Assets.xcassets */,
			);
			path = Support;
			sourceTree = "<group>";
		};
		B97EEB6D24D3F41A00634F88 /* Extensions */ = {
			isa = PBXGroup;
			children = (
				B925CB7524D2D49F00CC0C1B /* UIViewController+Ext.swift */,
			);
			path = Extensions;
			sourceTree = "<group>";
		};
		B97EEB6E24D3F9F000634F88 /* Model */ = {
			isa = PBXGroup;
			children = (
				B97EEB7124D3FA1100634F88 /* User.swift */,
				B97EEB7324D3FB2E00634F88 /* Follower.swift */,
			);
			path = Model;
			sourceTree = "<group>";
		};
		B97EEB7524D556A100634F88 /* Managers */ = {
			isa = PBXGroup;
			children = (
				B97EEB7624D556AD00634F88 /* NetworkManager.swift */,
			);
			path = Managers;
			sourceTree = "<group>";
		};
		B9A8068E24D6A4A20041BEB3 /* Utilities */ = {
			isa = PBXGroup;
			children = (
				B9A8069124D6A5310041BEB3 /* GFError.swift */,
			);
			path = Utilities;
			sourceTree = "<group>";
		};
		B9A8069524D807CE0041BEB3 /* Cells */ = {
			isa = PBXGroup;
			children = (
				B9A8069624D808000041BEB3 /* FollowerCell.swift */,
			);
			path = Cells;
			sourceTree = "<group>";
		};
		B9D2996C24C06CDD00F30B67 = {
			isa = PBXGroup;
			children = (
				B9D2997724C06CDD00F30B67 /* GitHubFinder */,
				B9D2997624C06CDD00F30B67 /* Products */,
			);
			sourceTree = "<group>";
		};
		B9D2997624C06CDD00F30B67 /* Products */ = {
			isa = PBXGroup;
			children = (
				B9D2997524C06CDD00F30B67 /* GitHubFinder.app */,
			);
			name = Products;
			sourceTree = "<group>";
		};
		B9D2997724C06CDD00F30B67 /* GitHubFinder */ = {
			isa = PBXGroup;
			children = (
				B9A8068E24D6A4A20041BEB3 /* Utilities */,
				B97EEB7524D556A100634F88 /* Managers */,
				B97EEB6E24D3F9F000634F88 /* Model */,
				B9D2998624C06CDF00F30B67 /* Info.plist */,
				B97EEB6D24D3F41A00634F88 /* Extensions */,
				B97EEB6C24D3F41200634F88 /* Support */,
				B97EEB6B24D3F3DA00634F88 /* Views */,
				B97EEB6A24D3F3C400634F88 /* Screens */,
			);
			path = GitHubFinder;
			sourceTree = "<group>";
		};
/* End PBXGroup section */

/* Begin PBXNativeTarget section */
		B9D2997424C06CDD00F30B67 /* GitHubFinder */ = {
			isa = PBXNativeTarget;
			buildConfigurationList = B9D2998924C06CDF00F30B67 /* Build configuration list for PBXNativeTarget "GitHubFinder" */;
			buildPhases = (
				B9D2997124C06CDD00F30B67 /* Sources */,
				B9D2997224C06CDD00F30B67 /* Frameworks */,
				B9D2997324C06CDD00F30B67 /* Resources */,
			);
			buildRules = (
			);
			dependencies = (
			);
			name = GitHubFinder;
			productName = GitHubFinder;
			productReference = B9D2997524C06CDD00F30B67 /* GitHubFinder.app */;
			productType = "com.apple.product-type.application";
		};
/* End PBXNativeTarget section */

/* Begin PBXProject section */
		B9D2996D24C06CDD00F30B67 /* Project object */ = {
			isa = PBXProject;
			attributes = {
				LastSwiftUpdateCheck = 1150;
				LastUpgradeCheck = 1150;
				ORGANIZATIONNAME = "Julian Gierl";
				TargetAttributes = {
					B9D2997424C06CDD00F30B67 = {
						CreatedOnToolsVersion = 11.5;
					};
				};
			};
			buildConfigurationList = B9D2997024C06CDD00F30B67 /* Build configuration list for PBXProject "GitHubFinder" */;
			compatibilityVersion = "Xcode 9.3";
			developmentRegion = en;
			hasScannedForEncodings = 0;
			knownRegions = (
				en,
				Base,
			);
			mainGroup = B9D2996C24C06CDD00F30B67;
			productRefGroup = B9D2997624C06CDD00F30B67 /* Products */;
			projectDirPath = "";
			projectRoot = "";
			targets = (
				B9D2997424C06CDD00F30B67 /* GitHubFinder */,
			);
		};
/* End PBXProject section */

/* Begin PBXResourcesBuildPhase section */
		B9D2997324C06CDD00F30B67 /* Resources */ = {
			isa = PBXResourcesBuildPhase;
			buildActionMask = 2147483647;
			files = (
				B9D2998224C06CDF00F30B67 /* Assets.xcassets in Resources */,
				B91F400524C083E700F6655B /* LaunchScreen.storyboard in Resources */,
			);
			runOnlyForDeploymentPostprocessing = 0;
		};
/* End PBXResourcesBuildPhase section */

/* Begin PBXSourcesBuildPhase section */
		B9D2997124C06CDD00F30B67 /* Sources */ = {
			isa = PBXSourcesBuildPhase;
			buildActionMask = 2147483647;
			files = (
				B91F3FDD24C0804200F6655B /* SearchVC.swift in Sources */,
				B91F3FDF24C0805200F6655B /* FavouritesVC.swift in Sources */,
				B925CB7624D2D49F00CC0C1B /* UIViewController+Ext.swift in Sources */,
				B9380B0224C2F8EB0010D26F /* GFButton.swift in Sources */,
				B925CB7024D2B76B00CC0C1B /* CGBodyLabel.swift in Sources */,
				B925CB7424D2B94500CC0C1B /* GFAlertVC.swift in Sources */,
				B9D2997924C06CDD00F30B67 /* AppDelegate.swift in Sources */,
				B9A8069724D808000041BEB3 /* FollowerCell.swift in Sources */,
				B97EEB7424D3FB2E00634F88 /* Follower.swift in Sources */,
				B9D2997B24C06CDD00F30B67 /* SceneDelegate.swift in Sources */,
				B97EEB7224D3FA1100634F88 /* User.swift in Sources */,
				B97EEB7724D556AD00634F88 /* NetworkManager.swift in Sources */,
				B9A8069224D6A5310041BEB3 /* GFError.swift in Sources */,
				B9A8069424D807420041BEB3 /* GFAvatarImageView.swift in Sources */,
				B925CB6E24D2B65600CC0C1B /* GFTitleLabel.swift in Sources */,
				B91DE7B124C6DF7C00B6CEB5 /* FollowerListVC.swift in Sources */,
				B9380B0424C2FBE70010D26F /* GFTextField.swift in Sources */,
			);
			runOnlyForDeploymentPostprocessing = 0;
		};
/* End PBXSourcesBuildPhase section */

/* Begin XCBuildConfiguration section */
		B9D2998724C06CDF00F30B67 /* Debug */ = {
			isa = XCBuildConfiguration;
			buildSettings = {
				ALWAYS_SEARCH_USER_PATHS = NO;
				CLANG_ANALYZER_NONNULL = YES;
				CLANG_ANALYZER_NUMBER_OBJECT_CONVERSION = YES_AGGRESSIVE;
				CLANG_CXX_LANGUAGE_STANDARD = "gnu++14";
				CLANG_CXX_LIBRARY = "libc++";
				CLANG_ENABLE_MODULES = YES;
				CLANG_ENABLE_OBJC_ARC = YES;
				CLANG_ENABLE_OBJC_WEAK = YES;
				CLANG_WARN_BLOCK_CAPTURE_AUTORELEASING = YES;
				CLANG_WARN_BOOL_CONVERSION = YES;
				CLANG_WARN_COMMA = YES;
				CLANG_WARN_CONSTANT_CONVERSION = YES;
				CLANG_WARN_DEPRECATED_OBJC_IMPLEMENTATIONS = YES;
				CLANG_WARN_DIRECT_OBJC_ISA_USAGE = YES_ERROR;
				CLANG_WARN_DOCUMENTATION_COMMENTS = YES;
				CLANG_WARN_EMPTY_BODY = YES;
				CLANG_WARN_ENUM_CONVERSION = YES;
				CLANG_WARN_INFINITE_RECURSION = YES;
				CLANG_WARN_INT_CONVERSION = YES;
				CLANG_WARN_NON_LITERAL_NULL_CONVERSION = YES;
				CLANG_WARN_OBJC_IMPLICIT_RETAIN_SELF = YES;
				CLANG_WARN_OBJC_LITERAL_CONVERSION = YES;
				CLANG_WARN_OBJC_ROOT_CLASS = YES_ERROR;
				CLANG_WARN_RANGE_LOOP_ANALYSIS = YES;
				CLANG_WARN_STRICT_PROTOTYPES = YES;
				CLANG_WARN_SUSPICIOUS_MOVE = YES;
				CLANG_WARN_UNGUARDED_AVAILABILITY = YES_AGGRESSIVE;
				CLANG_WARN_UNREACHABLE_CODE = YES;
				CLANG_WARN__DUPLICATE_METHOD_MATCH = YES;
				COPY_PHASE_STRIP = NO;
				DEBUG_INFORMATION_FORMAT = dwarf;
				ENABLE_STRICT_OBJC_MSGSEND = YES;
				ENABLE_TESTABILITY = YES;
				GCC_C_LANGUAGE_STANDARD = gnu11;
				GCC_DYNAMIC_NO_PIC = NO;
				GCC_NO_COMMON_BLOCKS = YES;
				GCC_OPTIMIZATION_LEVEL = 0;
				GCC_PREPROCESSOR_DEFINITIONS = (
					"DEBUG=1",
					"$(inherited)",
				);
				GCC_WARN_64_TO_32_BIT_CONVERSION = YES;
				GCC_WARN_ABOUT_RETURN_TYPE = YES_ERROR;
				GCC_WARN_UNDECLARED_SELECTOR = YES;
				GCC_WARN_UNINITIALIZED_AUTOS = YES_AGGRESSIVE;
				GCC_WARN_UNUSED_FUNCTION = YES;
				GCC_WARN_UNUSED_VARIABLE = YES;
				IPHONEOS_DEPLOYMENT_TARGET = 13.5;
				MTL_ENABLE_DEBUG_INFO = INCLUDE_SOURCE;
				MTL_FAST_MATH = YES;
				ONLY_ACTIVE_ARCH = YES;
				SDKROOT = iphoneos;
				SWIFT_ACTIVE_COMPILATION_CONDITIONS = DEBUG;
				SWIFT_OPTIMIZATION_LEVEL = "-Onone";
			};
			name = Debug;
		};
		B9D2998824C06CDF00F30B67 /* Release */ = {
			isa = XCBuildConfiguration;
			buildSettings = {
				ALWAYS_SEARCH_USER_PATHS = NO;
				CLANG_ANALYZER_NONNULL = YES;
				CLANG_ANALYZER_NUMBER_OBJECT_CONVERSION = YES_AGGRESSIVE;
				CLANG_CXX_LANGUAGE_STANDARD = "gnu++14";
				CLANG_CXX_LIBRARY = "libc++";
				CLANG_ENABLE_MODULES = YES;
				CLANG_ENABLE_OBJC_ARC = YES;
				CLANG_ENABLE_OBJC_WEAK = YES;
				CLANG_WARN_BLOCK_CAPTURE_AUTORELEASING = YES;
				CLANG_WARN_BOOL_CONVERSION = YES;
				CLANG_WARN_COMMA = YES;
				CLANG_WARN_CONSTANT_CONVERSION = YES;
				CLANG_WARN_DEPRECATED_OBJC_IMPLEMENTATIONS = YES;
				CLANG_WARN_DIRECT_OBJC_ISA_USAGE = YES_ERROR;
				CLANG_WARN_DOCUMENTATION_COMMENTS = YES;
				CLANG_WARN_EMPTY_BODY = YES;
				CLANG_WARN_ENUM_CONVERSION = YES;
				CLANG_WARN_INFINITE_RECURSION = YES;
				CLANG_WARN_INT_CONVERSION = YES;
				CLANG_WARN_NON_LITERAL_NULL_CONVERSION = YES;
				CLANG_WARN_OBJC_IMPLICIT_RETAIN_SELF = YES;
				CLANG_WARN_OBJC_LITERAL_CONVERSION = YES;
				CLANG_WARN_OBJC_ROOT_CLASS = YES_ERROR;
				CLANG_WARN_RANGE_LOOP_ANALYSIS = YES;
				CLANG_WARN_STRICT_PROTOTYPES = YES;
				CLANG_WARN_SUSPICIOUS_MOVE = YES;
				CLANG_WARN_UNGUARDED_AVAILABILITY = YES_AGGRESSIVE;
				CLANG_WARN_UNREACHABLE_CODE = YES;
				CLANG_WARN__DUPLICATE_METHOD_MATCH = YES;
				COPY_PHASE_STRIP = NO;
				DEBUG_INFORMATION_FORMAT = "dwarf-with-dsym";
				ENABLE_NS_ASSERTIONS = NO;
				ENABLE_STRICT_OBJC_MSGSEND = YES;
				GCC_C_LANGUAGE_STANDARD = gnu11;
				GCC_NO_COMMON_BLOCKS = YES;
				GCC_WARN_64_TO_32_BIT_CONVERSION = YES;
				GCC_WARN_ABOUT_RETURN_TYPE = YES_ERROR;
				GCC_WARN_UNDECLARED_SELECTOR = YES;
				GCC_WARN_UNINITIALIZED_AUTOS = YES_AGGRESSIVE;
				GCC_WARN_UNUSED_FUNCTION = YES;
				GCC_WARN_UNUSED_VARIABLE = YES;
				IPHONEOS_DEPLOYMENT_TARGET = 13.5;
				MTL_ENABLE_DEBUG_INFO = NO;
				MTL_FAST_MATH = YES;
				SDKROOT = iphoneos;
				SWIFT_COMPILATION_MODE = wholemodule;
				SWIFT_OPTIMIZATION_LEVEL = "-O";
				VALIDATE_PRODUCT = YES;
			};
			name = Release;
		};
		B9D2998A24C06CDF00F30B67 /* Debug */ = {
			isa = XCBuildConfiguration;
			buildSettings = {
				ASSETCATALOG_COMPILER_APPICON_NAME = AppIcon;
				CODE_SIGN_STYLE = Automatic;
				DEVELOPMENT_TEAM = U8GHKMUY53;
				INFOPLIST_FILE = GitHubFinder/Info.plist;
				LD_RUNPATH_SEARCH_PATHS = (
					"$(inherited)",
					"@executable_path/Frameworks",
				);
				PRODUCT_BUNDLE_IDENTIFIER = com.gierljn.GitHubFinder;
				PRODUCT_NAME = "$(TARGET_NAME)";
				SWIFT_VERSION = 5.0;
				TARGETED_DEVICE_FAMILY = "1,2";
			};
			name = Debug;
		};
		B9D2998B24C06CDF00F30B67 /* Release */ = {
			isa = XCBuildConfiguration;
			buildSettings = {
				ASSETCATALOG_COMPILER_APPICON_NAME = AppIcon;
				CODE_SIGN_STYLE = Automatic;
				DEVELOPMENT_TEAM = U8GHKMUY53;
				INFOPLIST_FILE = GitHubFinder/Info.plist;
				LD_RUNPATH_SEARCH_PATHS = (
					"$(inherited)",
					"@executable_path/Frameworks",
				);
				PRODUCT_BUNDLE_IDENTIFIER = com.gierljn.GitHubFinder;
				PRODUCT_NAME = "$(TARGET_NAME)";
				SWIFT_VERSION = 5.0;
				TARGETED_DEVICE_FAMILY = "1,2";
			};
			name = Release;
		};
/* End XCBuildConfiguration section */

/* Begin XCConfigurationList section */
		B9D2997024C06CDD00F30B67 /* Build configuration list for PBXProject "GitHubFinder" */ = {
			isa = XCConfigurationList;
			buildConfigurations = (
				B9D2998724C06CDF00F30B67 /* Debug */,
				B9D2998824C06CDF00F30B67 /* Release */,
			);
			defaultConfigurationIsVisible = 0;
			defaultConfigurationName = Release;
		};
		B9D2998924C06CDF00F30B67 /* Build configuration list for PBXNativeTarget "GitHubFinder" */ = {
			isa = XCConfigurationList;
			buildConfigurations = (
				B9D2998A24C06CDF00F30B67 /* Debug */,
				B9D2998B24C06CDF00F30B67 /* Release */,
			);
			defaultConfigurationIsVisible = 0;
			defaultConfigurationName = Release;
		};
/* End XCConfigurationList section */
	};
	rootObject = B9D2996D24C06CDD00F30B67 /* Project object */;
}
